
Microsoft Visual Studio Solution File, Format Version 12.00
Project("{FAE04EC0-301F-11D3-BF4B-00C04F79EFBC}") = "scoreboard2", "scoreboard2\scoreboard2\scoreboard2.csproj", "{7594798C-86FA-4C9B-A5E0-730834A5DB47}"
EndProject
Project("{FAE04EC0-301F-11D3-BF4B-00C04F79EFBC}") = "scoreboard2.Desktop", "scoreboard2\scoreboard2.Desktop\scoreboard2.Desktop.csproj", "{EB394ED2-C864-40EE-BA79-E8CE39F8FF2C}"
EndProject
Project("{FAE04EC0-301F-11D3-BF4B-00C04F79EFBC}") = "scoreboard2.Browser", "scoreboard2\scoreboard2.Browser\scoreboard2.Browser.csproj", "{35E7E4DC-10C6-499F-B10D-5EB433063414}"
EndProject
Project("{FAE04EC0-301F-11D3-BF4B-00C04F79EFBC}") = "scoreboard2.Replicator", "scoreboard2.Replicator\scoreboard2.Replicator.csproj", "{37946694-844F-4350-BC76-41DB7B55BFD3}"
EndProject
Global
	GlobalSection(SolutionConfigurationPlatforms) = preSolution
		Debug|Any CPU = Debug|Any CPU
		Release|Any CPU = Release|Any CPU
	EndGlobalSection
	GlobalSection(ProjectConfigurationPlatforms) = postSolution
		{7594798C-86FA-4C9B-A5E0-730834A5DB47}.Debug|Any CPU.ActiveCfg = Debug|Any CPU
		{7594798C-86FA-4C9B-A5E0-730834A5DB47}.Debug|Any CPU.Build.0 = Debug|Any CPU
		{7594798C-86FA-4C9B-A5E0-730834A5DB47}.Release|Any CPU.ActiveCfg = Release|Any CPU
		{7594798C-86FA-4C9B-A5E0-730834A5DB47}.Release|Any CPU.Build.0 = Release|Any CPU
		{EB394ED2-C864-40EE-BA79-E8CE39F8FF2C}.Debug|Any CPU.ActiveCfg = Debug|Any CPU
		{EB394ED2-C864-40EE-BA79-E8CE39F8FF2C}.Debug|Any CPU.Build.0 = Debug|Any CPU
		{EB394ED2-C864-40EE-BA79-E8CE39F8FF2C}.Release|Any CPU.ActiveCfg = Release|Any CPU
		{EB394ED2-C864-40EE-BA79-E8CE39F8FF2C}.Release|Any CPU.Build.0 = Release|Any CPU
		{35E7E4DC-10C6-499F-B10D-5EB433063414}.Debug|Any CPU.ActiveCfg = Debug|Any CPU
		{35E7E4DC-10C6-499F-B10D-5EB433063414}.Debug|Any CPU.Build.0 = Debug|Any CPU
		{35E7E4DC-10C6-499F-B10D-5EB433063414}.Release|Any CPU.ActiveCfg = Release|Any CPU
		{35E7E4DC-10C6-499F-B10D-5EB433063414}.Release|Any CPU.Build.0 = Release|Any CPU
		{37946694-844F-4350-BC76-41DB7B55BFD3}.Debug|Any CPU.ActiveCfg = Debug|Any CPU
		{37946694-844F-4350-BC76-41DB7B55BFD3}.Debug|Any CPU.Build.0 = Debug|Any CPU
		{37946694-844F-4350-BC76-41DB7B55BFD3}.Release|Any CPU.ActiveCfg = Release|Any CPU
		{37946694-844F-4350-BC76-41DB7B55BFD3}.Release|Any CPU.Build.0 = Release|Any CPU
		{581036AF-DA36-4C71-84A6-6F713DE50C3B}.Debug|Any CPU.ActiveCfg = Debug|Any CPU
		{581036AF-DA36-4C71-84A6-6F713DE50C3B}.Debug|Any CPU.Build.0 = Debug|Any CPU
		{581036AF-DA36-4C71-84A6-6F713DE50C3B}.Release|Any CPU.ActiveCfg = Release|Any CPU
		{581036AF-DA36-4C71-84A6-6F713DE50C3B}.Release|Any CPU.Build.0 = Release|Any CPU
		{B296F027-496F-46B4-AC15-9B60B83AF133}.Debug|Any CPU.ActiveCfg = Debug|Any CPU
		{B296F027-496F-46B4-AC15-9B60B83AF133}.Debug|Any CPU.Build.0 = Debug|Any CPU
		{B296F027-496F-46B4-AC15-9B60B83AF133}.Release|Any CPU.ActiveCfg = Release|Any CPU
		{B296F027-496F-46B4-AC15-9B60B83AF133}.Release|Any CPU.Build.0 = Release|Any CPU
	EndGlobalSection
EndGlobal
